// !$*UTF8*$!
{
	archiveVersion = 1;
	classes = {
	};
	objectVersion = 77;
	objects = {

/* Begin PBXBuildFile section */
		0A152F30B1F8500A58B601EA /* MLXASR in Frameworks */ = {isa = PBXBuildFile; productRef = 8FDE199859F5579D0AB7BC81 /* MLXASR */; };
		11BEA8E95E5444B83CB1059B /* FileTranscriptionQueue.swift in Sources */ = {isa = PBXBuildFile; fileRef = B94E819C2E3362DC496D36B6 /* FileTranscriptionQueue.swift */; };
		1A0C2ABB133A29932DFA0C3C /* PreferencesTests.swift in Sources */ = {isa = PBXBuildFile; fileRef = 597154F2A6040D3B03A25C7E /* PreferencesTests.swift */; };
		1CA9EBD5F071466F43667D6E /* HistoryEntryTests.swift in Sources */ = {isa = PBXBuildFile; fileRef = AC2F3629779EE841AD86AE3E /* HistoryEntryTests.swift */; };
		1E9D6959EF7137E1FED7E200 /* Preferences.swift in Sources */ = {isa = PBXBuildFile; fileRef = F861848890A14FD68C78CB88 /* Preferences.swift */; };
		240338BFFC89C5FB33560226 /* AudioFileDecoderTests.swift in Sources */ = {isa = PBXBuildFile; fileRef = FD7206D78EA19B5DF66C630A /* AudioFileDecoderTests.swift */; };
		2C4C167685C012557116B88B /* Recorder.swift in Sources */ = {isa = PBXBuildFile; fileRef = 1F399B5D54D79569F2E386C9 /* Recorder.swift */; };
		2FAE71D0337EEC9C5D4C7F29 /* HistoryStoreTests.swift in Sources */ = {isa = PBXBuildFile; fileRef = B370EB84030A55916BED20BF /* HistoryStoreTests.swift */; };
		3BBDDE18087F3D3B10CAF6DB /* AppState.swift in Sources */ = {isa = PBXBuildFile; fileRef = EE49C7AA4D82C0F26D15DB06 /* AppState.swift */; };
		52E56CCB60B67B22511EF905 /* tokenizer.json in Resources */ = {isa = PBXBuildFile; fileRef = C7BCD0553C96AD7F78B9192F /* tokenizer.json */; };
		596474797F98EE50205479D0 /* HistoryStore.swift in Sources */ = {isa = PBXBuildFile; fileRef = E5B03B7AC56F83346DBB7CA0 /* HistoryStore.swift */; };
		5C615138AFC027FD77546659 /* Clipboard.swift in Sources */ = {isa = PBXBuildFile; fileRef = 30D5BBF393964E7A5B25E980 /* Clipboard.swift */; };
		6F67020B53E333D08ED7F521 /* SoriApp.swift in Sources */ = {isa = PBXBuildFile; fileRef = 36EA89A8E935090E248D8580 /* SoriApp.swift */; };
		8236A7A27965F031EDACB381 /* AudioFileDecoder.swift in Sources */ = {isa = PBXBuildFile; fileRef = 8C9347E84AF66A5CCE055530 /* AudioFileDecoder.swift */; };
		8BD939562743395966FF1FB4 /* FileQueueWindow.swift in Sources */ = {isa = PBXBuildFile; fileRef = 78A4B3963D149B392CFC33F0 /* FileQueueWindow.swift */; };
		9A25C29D782F8A9AEBF80065 /* ClipboardTests.swift in Sources */ = {isa = PBXBuildFile; fileRef = 0978352EC68F9D9399A9EDBF /* ClipboardTests.swift */; };
		AFAF8D42038F5F79FD27DC57 /* MenuBarContent.swift in Sources */ = {isa = PBXBuildFile; fileRef = E78F92AE68691AE038DACAFF /* MenuBarContent.swift */; };
		B0C41877B0084A40BF0A6043 /* Transcriber.swift in Sources */ = {isa = PBXBuildFile; fileRef = 4A7A4EFEF4D9A2BE95E3A2CC /* Transcriber.swift */; };
		B5382D04DAC39656D527E09A /* WelcomeWindow.swift in Sources */ = {isa = PBXBuildFile; fileRef = B882EEB753F3E9B62EDED55B /* WelcomeWindow.swift */; };
		BE3818FFDA307F588B43F110 /* AppDelegate.swift in Sources */ = {isa = PBXBuildFile; fileRef = 6237D5C9435EFE00B90B4B2E /* AppDelegate.swift */; };
		CD3D789DD4BFFF3412D976F5 /* RecordingOverlayWindow.swift in Sources */ = {isa = PBXBuildFile; fileRef = E0EC5DDFDD994325747E7EF1 /* RecordingOverlayWindow.swift */; };
		D0E46C644A1B53EC2B2D12EB /* ModelDownloader.swift in Sources */ = {isa = PBXBuildFile; fileRef = E90BFCF32777664BCE6C4533 /* ModelDownloader.swift */; };
		D37B8AB76FCEECE039952489 /* HotkeyManager.swift in Sources */ = {isa = PBXBuildFile; fileRef = 70023E6CDD8D35F8A89944E7 /* HotkeyManager.swift */; };
		DA62FE230DA98C6BA8775E55 /* AudioDevice.swift in Sources */ = {isa = PBXBuildFile; fileRef = 7132ED31728A04331A5DBFD8 /* AudioDevice.swift */; };
		DB494BA57ACCF0289802B3F3 /* SettingsView.swift in Sources */ = {isa = PBXBuildFile; fileRef = 57CB446A04F21CD789DB8500 /* SettingsView.swift */; };
		ECC96AA126FABBEF0F0A6154 /* HistoryEntry.swift in Sources */ = {isa = PBXBuildFile; fileRef = 0CAFDE2F28309776658391F3 /* HistoryEntry.swift */; };
		F3C9BDEB58AE09E3A01D6A32 /* PermissionChecker.swift in Sources */ = {isa = PBXBuildFile; fileRef = 14242E6DA9E57EFAE42C9DCD /* PermissionChecker.swift */; };
		FA313CA23FA232164DF37D50 /* KeyboardShortcuts in Frameworks */ = {isa = PBXBuildFile; productRef = 26A2280FB9BB9A6C9D277B95 /* KeyboardShortcuts */; };
/* End PBXBuildFile section */

/* Begin PBXContainerItemProxy section */
		71366CB36A444DF7E3BCD5A3 /* PBXContainerItemProxy */ = {
			isa = PBXContainerItemProxy;
			containerPortal = FF392381B994B11E68C8A557 /* Project object */;
			proxyType = 1;
			remoteGlobalIDString = D038B82A43168DD1CCC77630;
			remoteInfo = Sori;
		};
/* End PBXContainerItemProxy section */

/* Begin PBXFileReference section */
		0978352EC68F9D9399A9EDBF /* ClipboardTests.swift */ = {isa = PBXFileReference; lastKnownFileType = sourcecode.swift; path = ClipboardTests.swift; sourceTree = "<group>"; };
		0CAFDE2F28309776658391F3 /* HistoryEntry.swift */ = {isa = PBXFileReference; lastKnownFileType = sourcecode.swift; path = HistoryEntry.swift; sourceTree = "<group>"; };
		14242E6DA9E57EFAE42C9DCD /* PermissionChecker.swift */ = {isa = PBXFileReference; lastKnownFileType = sourcecode.swift; path = PermissionChecker.swift; sourceTree = "<group>"; };
		1F399B5D54D79569F2E386C9 /* Recorder.swift */ = {isa = PBXFileReference; lastKnownFileType = sourcecode.swift; path = Recorder.swift; sourceTree = "<group>"; };
		30D5BBF393964E7A5B25E980 /* Clipboard.swift */ = {isa = PBXFileReference; lastKnownFileType = sourcecode.swift; path = Clipboard.swift; sourceTree = "<group>"; };
		36EA89A8E935090E248D8580 /* SoriApp.swift */ = {isa = PBXFileReference; lastKnownFileType = sourcecode.swift; path = SoriApp.swift; sourceTree = "<group>"; };
		4A7A4EFEF4D9A2BE95E3A2CC /* Transcriber.swift */ = {isa = PBXFileReference; lastKnownFileType = sourcecode.swift; path = Transcriber.swift; sourceTree = "<group>"; };
		57CB446A04F21CD789DB8500 /* SettingsView.swift */ = {isa = PBXFileReference; lastKnownFileType = sourcecode.swift; path = SettingsView.swift; sourceTree = "<group>"; };
		597154F2A6040D3B03A25C7E /* PreferencesTests.swift */ = {isa = PBXFileReference; lastKnownFileType = sourcecode.swift; path = PreferencesTests.swift; sourceTree = "<group>"; };
		6237D5C9435EFE00B90B4B2E /* AppDelegate.swift */ = {isa = PBXFileReference; lastKnownFileType = sourcecode.swift; path = AppDelegate.swift; sourceTree = "<group>"; };
		70023E6CDD8D35F8A89944E7 /* HotkeyManager.swift */ = {isa = PBXFileReference; lastKnownFileType = sourcecode.swift; path = HotkeyManager.swift; sourceTree = "<group>"; };
		7132ED31728A04331A5DBFD8 /* AudioDevice.swift */ = {isa = PBXFileReference; lastKnownFileType = sourcecode.swift; path = AudioDevice.swift; sourceTree = "<group>"; };
		78A4B3963D149B392CFC33F0 /* FileQueueWindow.swift */ = {isa = PBXFileReference; lastKnownFileType = sourcecode.swift; path = FileQueueWindow.swift; sourceTree = "<group>"; };
		8C9347E84AF66A5CCE055530 /* AudioFileDecoder.swift */ = {isa = PBXFileReference; lastKnownFileType = sourcecode.swift; path = AudioFileDecoder.swift; sourceTree = "<group>"; };
		9921A910E5CFC50300BD121F /* SoriTests.xctest */ = {isa = PBXFileReference; explicitFileType = wrapper.cfbundle; includeInIndex = 0; path = SoriTests.xctest; sourceTree = BUILT_PRODUCTS_DIR; };
		A739DA2FE607B14B20AFF189 /* Sori.app */ = {isa = PBXFileReference; explicitFileType = wrapper.application; includeInIndex = 0; path = Sori.app; sourceTree = BUILT_PRODUCTS_DIR; };
		AC2F3629779EE841AD86AE3E /* HistoryEntryTests.swift */ = {isa = PBXFileReference; lastKnownFileType = sourcecode.swift; path = HistoryEntryTests.swift; sourceTree = "<group>"; };
		B370EB84030A55916BED20BF /* HistoryStoreTests.swift */ = {isa = PBXFileReference; lastKnownFileType = sourcecode.swift; path = HistoryStoreTests.swift; sourceTree = "<group>"; };
		B882EEB753F3E9B62EDED55B /* WelcomeWindow.swift */ = {isa = PBXFileReference; lastKnownFileType = sourcecode.swift; path = WelcomeWindow.swift; sourceTree = "<group>"; };
		B94E819C2E3362DC496D36B6 /* FileTranscriptionQueue.swift */ = {isa = PBXFileReference; lastKnownFileType = sourcecode.swift; path = FileTranscriptionQueue.swift; sourceTree = "<group>"; };
		C7BCD0553C96AD7F78B9192F /* tokenizer.json */ = {isa = PBXFileReference; lastKnownFileType = text.json; path = tokenizer.json; sourceTree = "<group>"; };
		E0EC5DDFDD994325747E7EF1 /* RecordingOverlayWindow.swift */ = {isa = PBXFileReference; lastKnownFileType = sourcecode.swift; path = RecordingOverlayWindow.swift; sourceTree = "<group>"; };
		E5B03B7AC56F83346DBB7CA0 /* HistoryStore.swift */ = {isa = PBXFileReference; lastKnownFileType = sourcecode.swift; path = HistoryStore.swift; sourceTree = "<group>"; };
		E78F92AE68691AE038DACAFF /* MenuBarContent.swift */ = {isa = PBXFileReference; lastKnownFileType = sourcecode.swift; path = MenuBarContent.swift; sourceTree = "<group>"; };
		E90BFCF32777664BCE6C4533 /* ModelDownloader.swift */ = {isa = PBXFileReference; lastKnownFileType = sourcecode.swift; path = ModelDownloader.swift; sourceTree = "<group>"; };
		EE49C7AA4D82C0F26D15DB06 /* AppState.swift */ = {isa = PBXFileReference; lastKnownFileType = sourcecode.swift; path = AppState.swift; sourceTree = "<group>"; };
		F861848890A14FD68C78CB88 /* Preferences.swift */ = {isa = PBXFileReference; lastKnownFileType = sourcecode.swift; path = Preferences.swift; sourceTree = "<group>"; };
		FD7206D78EA19B5DF66C630A /* AudioFileDecoderTests.swift */ = {isa = PBXFileReference; lastKnownFileType = sourcecode.swift; path = AudioFileDecoderTests.swift; sourceTree = "<group>"; };
/* End PBXFileReference section */

/* Begin PBXFrameworksBuildPhase section */
		630C08FC82121E3D910C4717 /* Frameworks */ = {
			isa = PBXFrameworksBuildPhase;
			buildActionMask = 2147483647;
			files = (
				0A152F30B1F8500A58B601EA /* MLXASR in Frameworks */,
				FA313CA23FA232164DF37D50 /* KeyboardShortcuts in Frameworks */,
			);
			runOnlyForDeploymentPostprocessing = 0;
		};
/* End PBXFrameworksBuildPhase section */

/* Begin PBXGroup section */
		0F83F41841377BC9DE3AE65D /* SoriTests */ = {
			isa = PBXGroup;
			children = (
				FD7206D78EA19B5DF66C630A /* AudioFileDecoderTests.swift */,
				0978352EC68F9D9399A9EDBF /* ClipboardTests.swift */,
				AC2F3629779EE841AD86AE3E /* HistoryEntryTests.swift */,
				B370EB84030A55916BED20BF /* HistoryStoreTests.swift */,
				597154F2A6040D3B03A25C7E /* PreferencesTests.swift */,
			);
			path = SoriTests;
			sourceTree = "<group>";
		};
		20EB65A8EE02EFDAF57A21F7 /* UI */ = {
			isa = PBXGroup;
			children = (
				78A4B3963D149B392CFC33F0 /* FileQueueWindow.swift */,
				E78F92AE68691AE038DACAFF /* MenuBarContent.swift */,
				E0EC5DDFDD994325747E7EF1 /* RecordingOverlayWindow.swift */,
				57CB446A04F21CD789DB8500 /* SettingsView.swift */,
				B882EEB753F3E9B62EDED55B /* WelcomeWindow.swift */,
			);
			path = UI;
			sourceTree = "<group>";
		};
		27CFF589D574891F466A5E2D /* Resources */ = {
			isa = PBXGroup;
			children = (
				C7BCD0553C96AD7F78B9192F /* tokenizer.json */,
			);
			path = Resources;
			sourceTree = "<group>";
		};
		3FB328A6E8FA8AC4E1D0F20B /* Products */ = {
			isa = PBXGroup;
			children = (
				A739DA2FE607B14B20AFF189 /* Sori.app */,
				9921A910E5CFC50300BD121F /* SoriTests.xctest */,
			);
			name = Products;
			sourceTree = "<group>";
		};
		64FB34AC2D5FECCA279DE180 /* Sori */ = {
			isa = PBXGroup;
			children = (
				6237D5C9435EFE00B90B4B2E /* AppDelegate.swift */,
				EE49C7AA4D82C0F26D15DB06 /* AppState.swift */,
				36EA89A8E935090E248D8580 /* SoriApp.swift */,
				D09D8CD34BEAD4AFBBAABBDC /* Core */,
				C40346BB8A129659B899CB80 /* History */,
				27CFF589D574891F466A5E2D /* Resources */,
				20EB65A8EE02EFDAF57A21F7 /* UI */,
			);
			path = Sori;
			sourceTree = "<group>";
		};
		C40346BB8A129659B899CB80 /* History */ = {
			isa = PBXGroup;
			children = (
				0CAFDE2F28309776658391F3 /* HistoryEntry.swift */,
				E5B03B7AC56F83346DBB7CA0 /* HistoryStore.swift */,
			);
			path = History;
			sourceTree = "<group>";
		};
		D09D8CD34BEAD4AFBBAABBDC /* Core */ = {
			isa = PBXGroup;
			children = (
				7132ED31728A04331A5DBFD8 /* AudioDevice.swift */,
				8C9347E84AF66A5CCE055530 /* AudioFileDecoder.swift */,
				30D5BBF393964E7A5B25E980 /* Clipboard.swift */,
				B94E819C2E3362DC496D36B6 /* FileTranscriptionQueue.swift */,
				70023E6CDD8D35F8A89944E7 /* HotkeyManager.swift */,
				E90BFCF32777664BCE6C4533 /* ModelDownloader.swift */,
				14242E6DA9E57EFAE42C9DCD /* PermissionChecker.swift */,
				F861848890A14FD68C78CB88 /* Preferences.swift */,
				1F399B5D54D79569F2E386C9 /* Recorder.swift */,
				4A7A4EFEF4D9A2BE95E3A2CC /* Transcriber.swift */,
			);
			path = Core;
			sourceTree = "<group>";
		};
		D43F98366C92CC718C99DBE6 = {
			isa = PBXGroup;
			children = (
				64FB34AC2D5FECCA279DE180 /* Sori */,
				0F83F41841377BC9DE3AE65D /* SoriTests */,
				3FB328A6E8FA8AC4E1D0F20B /* Products */,
			);
			sourceTree = "<group>";
		};
/* End PBXGroup section */

/* Begin PBXNativeTarget section */
		98EBC998171389332BCC4FDC /* SoriTests */ = {
			isa = PBXNativeTarget;
			buildConfigurationList = FF031D3BB1BF8AB7E1358DF6 /* Build configuration list for PBXNativeTarget "SoriTests" */;
			buildPhases = (
				54EC1045CD6D4E6263DC9379 /* Sources */,
			);
			buildRules = (
			);
			dependencies = (
				AE991ECB2936A8F855158646 /* PBXTargetDependency */,
			);
			name = SoriTests;
			packageProductDependencies = (
			);
			productName = SoriTests;
			productReference = 9921A910E5CFC50300BD121F /* SoriTests.xctest */;
			productType = "com.apple.product-type.bundle.unit-test";
		};
		D038B82A43168DD1CCC77630 /* Sori */ = {
			isa = PBXNativeTarget;
			buildConfigurationList = 2D5979BE0E93417241310068 /* Build configuration list for PBXNativeTarget "Sori" */;
			buildPhases = (
				B6C25DF509D8DB26123E839D /* Sources */,
				ED59113C88C58248EB2952A7 /* Resources */,
				630C08FC82121E3D910C4717 /* Frameworks */,
			);
			buildRules = (
			);
			dependencies = (
			);
			name = Sori;
			packageProductDependencies = (
				8FDE199859F5579D0AB7BC81 /* MLXASR */,
				26A2280FB9BB9A6C9D277B95 /* KeyboardShortcuts */,
			);
			productName = Sori;
			productReference = A739DA2FE607B14B20AFF189 /* Sori.app */;
			productType = "com.apple.product-type.application";
		};
/* End PBXNativeTarget section */

/* Begin PBXProject section */
		FF392381B994B11E68C8A557 /* Project object */ = {
			isa = PBXProject;
			attributes = {
				BuildIndependentTargetsInParallel = YES;
				LastUpgradeCheck = 1430;
				TargetAttributes = {
					98EBC998171389332BCC4FDC = {
						DevelopmentTeam = "";
						ProvisioningStyle = Automatic;
					};
					D038B82A43168DD1CCC77630 = {
						DevelopmentTeam = "";
						ProvisioningStyle = Automatic;
					};
				};
			};
			buildConfigurationList = 748DA2B735F73DA64E0F9BA6 /* Build configuration list for PBXProject "Sori" */;
			developmentRegion = ko;
			hasScannedForEncodings = 0;
			knownRegions = (
				Base,
				ko,
			);
			mainGroup = D43F98366C92CC718C99DBE6;
			minimizedProjectReferenceProxies = 1;
			packageReferences = (
				F6C4DCBBD539525C4CB2274F /* XCRemoteSwiftPackageReference "KeyboardShortcuts" */,
				7ED4AB7520586BAED4A76ACE /* XCRemoteSwiftPackageReference "mlx-swift-asr" */,
			);
			preferredProjectObjectVersion = 77;
			productRefGroup = 3FB328A6E8FA8AC4E1D0F20B /* Products */;
			projectDirPath = "";
			projectRoot = "";
			targets = (
				D038B82A43168DD1CCC77630 /* Sori */,
				98EBC998171389332BCC4FDC /* SoriTests */,
			);
		};
/* End PBXProject section */

/* Begin PBXResourcesBuildPhase section */
		ED59113C88C58248EB2952A7 /* Resources */ = {
			isa = PBXResourcesBuildPhase;
			buildActionMask = 2147483647;
			files = (
				52E56CCB60B67B22511EF905 /* tokenizer.json in Resources */,
			);
			runOnlyForDeploymentPostprocessing = 0;
		};
/* End PBXResourcesBuildPhase section */

/* Begin PBXSourcesBuildPhase section */
		54EC1045CD6D4E6263DC9379 /* Sources */ = {
			isa = PBXSourcesBuildPhase;
			buildActionMask = 2147483647;
			files = (
				240338BFFC89C5FB33560226 /* AudioFileDecoderTests.swift in Sources */,
				9A25C29D782F8A9AEBF80065 /* ClipboardTests.swift in Sources */,
				1CA9EBD5F071466F43667D6E /* HistoryEntryTests.swift in Sources */,
				2FAE71D0337EEC9C5D4C7F29 /* HistoryStoreTests.swift in Sources */,
				1A0C2ABB133A29932DFA0C3C /* PreferencesTests.swift in Sources */,
			);
			runOnlyForDeploymentPostprocessing = 0;
		};
		B6C25DF509D8DB26123E839D /* Sources */ = {
			isa = PBXSourcesBuildPhase;
			buildActionMask = 2147483647;
			files = (
				BE3818FFDA307F588B43F110 /* AppDelegate.swift in Sources */,
				3BBDDE18087F3D3B10CAF6DB /* AppState.swift in Sources */,
				DA62FE230DA98C6BA8775E55 /* AudioDevice.swift in Sources */,
				8236A7A27965F031EDACB381 /* AudioFileDecoder.swift in Sources */,
				5C615138AFC027FD77546659 /* Clipboard.swift in Sources */,
				8BD939562743395966FF1FB4 /* FileQueueWindow.swift in Sources */,
				11BEA8E95E5444B83CB1059B /* FileTranscriptionQueue.swift in Sources */,
				ECC96AA126FABBEF0F0A6154 /* HistoryEntry.swift in Sources */,
				596474797F98EE50205479D0 /* HistoryStore.swift in Sources */,
				D37B8AB76FCEECE039952489 /* HotkeyManager.swift in Sources */,
				AFAF8D42038F5F79FD27DC57 /* MenuBarContent.swift in Sources */,
				D0E46C644A1B53EC2B2D12EB /* ModelDownloader.swift in Sources */,
				F3C9BDEB58AE09E3A01D6A32 /* PermissionChecker.swift in Sources */,
				1E9D6959EF7137E1FED7E200 /* Preferences.swift in Sources */,
				2C4C167685C012557116B88B /* Recorder.swift in Sources */,
				CD3D789DD4BFFF3412D976F5 /* RecordingOverlayWindow.swift in Sources */,
				DB494BA57ACCF0289802B3F3 /* SettingsView.swift in Sources */,
				6F67020B53E333D08ED7F521 /* SoriApp.swift in Sources */,
				B0C41877B0084A40BF0A6043 /* Transcriber.swift in Sources */,
				B5382D04DAC39656D527E09A /* WelcomeWindow.swift in Sources */,
			);
			runOnlyForDeploymentPostprocessing = 0;
		};
/* End PBXSourcesBuildPhase section */

/* Begin PBXTargetDependency section */
		AE991ECB2936A8F855158646 /* PBXTargetDependency */ = {
			isa = PBXTargetDependency;
			target = D038B82A43168DD1CCC77630 /* Sori */;
			targetProxy = 71366CB36A444DF7E3BCD5A3 /* PBXContainerItemProxy */;
		};
/* End PBXTargetDependency section */

/* Begin XCBuildConfiguration section */
		3B1DD263AA672E0C645E0F88 /* Debug */ = {
			isa = XCBuildConfiguration;
			buildSettings = {
				BUNDLE_LOADER = "$(TEST_HOST)";
				COMBINE_HIDPI_IMAGES = YES;
				GENERATE_INFOPLIST_FILE = YES;
				LD_RUNPATH_SEARCH_PATHS = (
					"$(inherited)",
					"@executable_path/../Frameworks",
					"@loader_path/../Frameworks",
				);
				MACOSX_DEPLOYMENT_TARGET = 15.0;
				PRODUCT_BUNDLE_IDENTIFIER = com.solstice.sori.tests;
				SDKROOT = macosx;
				TEST_HOST = "$(BUILT_PRODUCTS_DIR)/Sori.app/Contents/MacOS/Sori";
			};
			name = Debug;
		};
		6A1DE0AE50E20E7B4C97038E /* Debug */ = {
			isa = XCBuildConfiguration;
			buildSettings = {
				ASSETCATALOG_COMPILER_APPICON_NAME = AppIcon;
				COMBINE_HIDPI_IMAGES = YES;
				GENERATE_INFOPLIST_FILE = YES;
				INFOPLIST_KEY_CFBundleDisplayName = Sori;
				INFOPLIST_KEY_LSUIElement = YES;
				INFOPLIST_KEY_NSHighResolutionCapable = YES;
				INFOPLIST_KEY_NSMicrophoneUsageDescription = "Sori는 음성을 녹음하고 받아쓰기하기 위해 마이크 접근이 필요합니다.";
				LD_RUNPATH_SEARCH_PATHS = (
					"$(inherited)",
					"@executable_path/../Frameworks",
				);
				MACOSX_DEPLOYMENT_TARGET = 15.0;
				PRODUCT_BUNDLE_IDENTIFIER = com.solstice.sori;
				PRODUCT_NAME = Sori;
				SDKROOT = macosx;
				SWIFT_EMIT_LOC_STRINGS = YES;
			};
			name = Debug;
		};
		9183CCBB433D4F7064935114 /* Debug */ = {
			isa = XCBuildConfiguration;
			buildSettings = {
				ALWAYS_SEARCH_USER_PATHS = NO;
				CLANG_ANALYZER_NONNULL = YES;
				CLANG_ANALYZER_NUMBER_OBJECT_CONVERSION = YES_AGGRESSIVE;
				CLANG_CXX_LANGUAGE_STANDARD = "gnu++14";
				CLANG_CXX_LIBRARY = "libc++";
				CLANG_ENABLE_MODULES = YES;
				CLANG_ENABLE_OBJC_ARC = YES;
				CLANG_ENABLE_OBJC_WEAK = YES;
				CLANG_WARN_BLOCK_CAPTURE_AUTORELEASING = YES;
				CLANG_WARN_BOOL_CONVERSION = YES;
				CLANG_WARN_COMMA = YES;
				CLANG_WARN_CONSTANT_CONVERSION = YES;
				CLANG_WARN_DEPRECATED_OBJC_IMPLEMENTATIONS = YES;
				CLANG_WARN_DIRECT_OBJC_ISA_USAGE = YES_ERROR;
				CLANG_WARN_DOCUMENTATION_COMMENTS = YES;
				CLANG_WARN_EMPTY_BODY = YES;
				CLANG_WARN_ENUM_CONVERSION = YES;
				CLANG_WARN_INFINITE_RECURSION = YES;
				CLANG_WARN_INT_CONVERSION = YES;
				CLANG_WARN_NON_LITERAL_NULL_CONVERSION = YES;
				CLANG_WARN_OBJC_IMPLICIT_RETAIN_SELF = YES;
				CLANG_WARN_OBJC_LITERAL_CONVERSION = YES;
				CLANG_WARN_OBJC_ROOT_CLASS = YES_ERROR;
				CLANG_WARN_QUOTED_INCLUDE_IN_FRAMEWORK_HEADER = YES;
				CLANG_WARN_RANGE_LOOP_ANALYSIS = YES;
				CLANG_WARN_STRICT_PROTOTYPES = YES;
				CLANG_WARN_SUSPICIOUS_MOVE = YES;
				CLANG_WARN_UNGUARDED_AVAILABILITY = YES_AGGRESSIVE;
				CLANG_WARN_UNREACHABLE_CODE = YES;
				CLANG_WARN__DUPLICATE_METHOD_MATCH = YES;
				CODE_SIGN_IDENTITY = "-";
				CODE_SIGN_STYLE = Automatic;
				COPY_PHASE_STRIP = NO;
				CURRENT_PROJECT_VERSION = 1;
				DEBUG_INFORMATION_FORMAT = dwarf;
				DEVELOPMENT_TEAM = "";
				ENABLE_HARDENED_RUNTIME = NO;
				ENABLE_STRICT_OBJC_MSGSEND = YES;
				ENABLE_TESTABILITY = YES;
				ENABLE_USER_SCRIPT_SANDBOXING = NO;
				GCC_C_LANGUAGE_STANDARD = gnu11;
				GCC_DYNAMIC_NO_PIC = NO;
				GCC_NO_COMMON_BLOCKS = YES;
				GCC_OPTIMIZATION_LEVEL = 0;
				GCC_PREPROCESSOR_DEFINITIONS = (
					"$(inherited)",
					"DEBUG=1",
				);
				GCC_WARN_64_TO_32_BIT_CONVERSION = YES;
				GCC_WARN_ABOUT_RETURN_TYPE = YES_ERROR;
				GCC_WARN_UNDECLARED_SELECTOR = YES;
				GCC_WARN_UNINITIALIZED_AUTOS = YES_AGGRESSIVE;
				GCC_WARN_UNUSED_FUNCTION = YES;
				GCC_WARN_UNUSED_VARIABLE = YES;
				MACOSX_DEPLOYMENT_TARGET = 15.0;
				MARKETING_VERSION = 0.1.0;
				MTL_ENABLE_DEBUG_INFO = INCLUDE_SOURCE;
				MTL_FAST_MATH = YES;
				ONLY_ACTIVE_ARCH = YES;
				PRODUCT_NAME = "$(TARGET_NAME)";
				SDKROOT = macosx;
				SWIFT_ACTIVE_COMPILATION_CONDITIONS = DEBUG;
				SWIFT_OPTIMIZATION_LEVEL = "-Onone";
				SWIFT_VERSION = 6.0;
			};
			name = Debug;
		};
		BF6D476708FB9459216F974C /* Release */ = {
			isa = XCBuildConfiguration;
			buildSettings = {
				BUNDLE_LOADER = "$(TEST_HOST)";
				COMBINE_HIDPI_IMAGES = YES;
				GENERATE_INFOPLIST_FILE = YES;
				LD_RUNPATH_SEARCH_PATHS = (
					"$(inherited)",
					"@executable_path/../Frameworks",
					"@loader_path/../Frameworks",
				);
				MACOSX_DEPLOYMENT_TARGET = 15.0;
				PRODUCT_BUNDLE_IDENTIFIER = com.solstice.sori.tests;
				SDKROOT = macosx;
				TEST_HOST = "$(BUILT_PRODUCTS_DIR)/Sori.app/Contents/MacOS/Sori";
			};
			name = Release;
		};
		D5B2B622499C020A1876F60D /* Release */ = {
			isa = XCBuildConfiguration;
			buildSettings = {
				ALWAYS_SEARCH_USER_PATHS = NO;
				CLANG_ANALYZER_NONNULL = YES;
				CLANG_ANALYZER_NUMBER_OBJECT_CONVERSION = YES_AGGRESSIVE;
				CLANG_CXX_LANGUAGE_STANDARD = "gnu++14";
				CLANG_CXX_LIBRARY = "libc++";
				CLANG_ENABLE_MODULES = YES;
				CLANG_ENABLE_OBJC_ARC = YES;
				CLANG_ENABLE_OBJC_WEAK = YES;
				CLANG_WARN_BLOCK_CAPTURE_AUTORELEASING = YES;
				CLANG_WARN_BOOL_CONVERSION = YES;
				CLANG_WARN_COMMA = YES;
				CLANG_WARN_CONSTANT_CONVERSION = YES;
				CLANG_WARN_DEPRECATED_OBJC_IMPLEMENTATIONS = YES;
				CLANG_WARN_DIRECT_OBJC_ISA_USAGE = YES_ERROR;
				CLANG_WARN_DOCUMENTATION_COMMENTS = YES;
				CLANG_WARN_EMPTY_BODY = YES;
				CLANG_WARN_ENUM_CONVERSION = YES;
				CLANG_WARN_INFINITE_RECURSION = YES;
				CLANG_WARN_INT_CONVERSION = YES;
				CLANG_WARN_NON_LITERAL_NULL_CONVERSION = YES;
				CLANG_WARN_OBJC_IMPLICIT_RETAIN_SELF = YES;
				CLANG_WARN_OBJC_LITERAL_CONVERSION = YES;
				CLANG_WARN_OBJC_ROOT_CLASS = YES_ERROR;
				CLANG_WARN_QUOTED_INCLUDE_IN_FRAMEWORK_HEADER = YES;
				CLANG_WARN_RANGE_LOOP_ANALYSIS = YES;
				CLANG_WARN_STRICT_PROTOTYPES = YES;
				CLANG_WARN_SUSPICIOUS_MOVE = YES;
				CLANG_WARN_UNGUARDED_AVAILABILITY = YES_AGGRESSIVE;
				CLANG_WARN_UNREACHABLE_CODE = YES;
				CLANG_WARN__DUPLICATE_METHOD_MATCH = YES;
				CODE_SIGN_IDENTITY = "-";
				CODE_SIGN_STYLE = Automatic;
				COPY_PHASE_STRIP = NO;
				CURRENT_PROJECT_VERSION = 1;
				DEBUG_INFORMATION_FORMAT = "dwarf-with-dsym";
				DEVELOPMENT_TEAM = "";
				ENABLE_HARDENED_RUNTIME = NO;
				ENABLE_NS_ASSERTIONS = NO;
				ENABLE_STRICT_OBJC_MSGSEND = YES;
				ENABLE_USER_SCRIPT_SANDBOXING = NO;
				GCC_C_LANGUAGE_STANDARD = gnu11;
				GCC_NO_COMMON_BLOCKS = YES;
				GCC_WARN_64_TO_32_BIT_CONVERSION = YES;
				GCC_WARN_ABOUT_RETURN_TYPE = YES_ERROR;
				GCC_WARN_UNDECLARED_SELECTOR = YES;
				GCC_WARN_UNINITIALIZED_AUTOS = YES_AGGRESSIVE;
				GCC_WARN_UNUSED_FUNCTION = YES;
				GCC_WARN_UNUSED_VARIABLE = YES;
				MACOSX_DEPLOYMENT_TARGET = 15.0;
				MARKETING_VERSION = 0.1.0;
				MTL_ENABLE_DEBUG_INFO = NO;
				MTL_FAST_MATH = YES;
				PRODUCT_NAME = "$(TARGET_NAME)";
				SDKROOT = macosx;
				SWIFT_COMPILATION_MODE = wholemodule;
				SWIFT_OPTIMIZATION_LEVEL = "-O";
				SWIFT_VERSION = 6.0;
			};
			name = Release;
		};
		E673854E72DDE4118A589BBB /* Release */ = {
			isa = XCBuildConfiguration;
			buildSettings = {
				ASSETCATALOG_COMPILER_APPICON_NAME = AppIcon;
				COMBINE_HIDPI_IMAGES = YES;
				GENERATE_INFOPLIST_FILE = YES;
				INFOPLIST_KEY_CFBundleDisplayName = Sori;
				INFOPLIST_KEY_LSUIElement = YES;
				INFOPLIST_KEY_NSHighResolutionCapable = YES;
				INFOPLIST_KEY_NSMicrophoneUsageDescription = "Sori는 음성을 녹음하고 받아쓰기하기 위해 마이크 접근이 필요합니다.";
				LD_RUNPATH_SEARCH_PATHS = (
					"$(inherited)",
					"@executable_path/../Frameworks",
				);
				MACOSX_DEPLOYMENT_TARGET = 15.0;
				PRODUCT_BUNDLE_IDENTIFIER = com.solstice.sori;
				PRODUCT_NAME = Sori;
				SDKROOT = macosx;
				SWIFT_EMIT_LOC_STRINGS = YES;
			};
			name = Release;
		};
/* End XCBuildConfiguration section */

/* Begin XCConfigurationList section */
		2D5979BE0E93417241310068 /* Build configuration list for PBXNativeTarget "Sori" */ = {
			isa = XCConfigurationList;
			buildConfigurations = (
				6A1DE0AE50E20E7B4C97038E /* Debug */,
				E673854E72DDE4118A589BBB /* Release */,
			);
			defaultConfigurationIsVisible = 0;
			defaultConfigurationName = Debug;
		};
		748DA2B735F73DA64E0F9BA6 /* Build configuration list for PBXProject "Sori" */ = {
			isa = XCConfigurationList;
			buildConfigurations = (
				9183CCBB433D4F7064935114 /* Debug */,
				D5B2B622499C020A1876F60D /* Release */,
			);
			defaultConfigurationIsVisible = 0;
			defaultConfigurationName = Debug;
		};
		FF031D3BB1BF8AB7E1358DF6 /* Build configuration list for PBXNativeTarget "SoriTests" */ = {
			isa = XCConfigurationList;
			buildConfigurations = (
				3B1DD263AA672E0C645E0F88 /* Debug */,
				BF6D476708FB9459216F974C /* Release */,
			);
			defaultConfigurationIsVisible = 0;
			defaultConfigurationName = Debug;
		};
/* End XCConfigurationList section */

/* Begin XCRemoteSwiftPackageReference section */
		7ED4AB7520586BAED4A76ACE /* XCRemoteSwiftPackageReference "mlx-swift-asr" */ = {
			isa = XCRemoteSwiftPackageReference;
			repositoryURL = "https://github.com/ontypehq/mlx-swift-asr";
			requirement = {
				branch = main;
				kind = branch;
			};
		};
		F6C4DCBBD539525C4CB2274F /* XCRemoteSwiftPackageReference "KeyboardShortcuts" */ = {
			isa = XCRemoteSwiftPackageReference;
			repositoryURL = "https://github.com/sindresorhus/KeyboardShortcuts";
			requirement = {
				kind = upToNextMajorVersion;
				minimumVersion = 2.0.0;
			};
		};
/* End XCRemoteSwiftPackageReference section */

/* Begin XCSwiftPackageProductDependency section */
		26A2280FB9BB9A6C9D277B95 /* KeyboardShortcuts */ = {
			isa = XCSwiftPackageProductDependency;
			package = F6C4DCBBD539525C4CB2274F /* XCRemoteSwiftPackageReference "KeyboardShortcuts" */;
			productName = KeyboardShortcuts;
		};
		8FDE199859F5579D0AB7BC81 /* MLXASR */ = {
			isa = XCSwiftPackageProductDependency;
			package = 7ED4AB7520586BAED4A76ACE /* XCRemoteSwiftPackageReference "mlx-swift-asr" */;
			productName = MLXASR;
		};
/* End XCSwiftPackageProductDependency section */
	};
	rootObject = FF392381B994B11E68C8A557 /* Project object */;
}
